// !$*UTF8*$!
{
	archiveVersion = 1;
	classes = {
	};
	objectVersion = 46;
	objects = {

/* Begin PBXBuildFile section */
		737D9CD91BD407AA002BAEA0 /* main.m in Sources */ = {isa = PBXBuildFile; fileRef = 737D9CD81BD407AA002BAEA0 /* main.m */; };
		737D9CE41BD407AA002BAEA0 /* Images.xcassets in Resources */ = {isa = PBXBuildFile; fileRef = 737D9CE31BD407AA002BAEA0 /* Images.xcassets */; };
		737D9CE71BD407AA002BAEA0 /* LaunchScreen.xib in Resources */ = {isa = PBXBuildFile; fileRef = 737D9CE51BD407AA002BAEA0 /* LaunchScreen.xib */; };
		737D9CF31BD407AA002BAEA0 /* JXLDayAndNightModeDemoTests.m in Sources */ = {isa = PBXBuildFile; fileRef = 737D9CF21BD407AA002BAEA0 /* JXLDayAndNightModeDemoTests.m */; };
		737D9D0B1BD407F3002BAEA0 /* AppDelegate.m in Sources */ = {isa = PBXBuildFile; fileRef = 737D9CFD1BD407F3002BAEA0 /* AppDelegate.m */; };
		737D9D0C1BD407F3002BAEA0 /* JXLDayAndNightManager.m in Sources */ = {isa = PBXBuildFile; fileRef = 737D9D011BD407F3002BAEA0 /* JXLDayAndNightManager.m */; };
		737D9D0D1BD407F3002BAEA0 /* UIView+JXLDAN.m in Sources */ = {isa = PBXBuildFile; fileRef = 737D9D031BD407F3002BAEA0 /* UIView+JXLDAN.m */; };
		737D9D0E1BD407F3002BAEA0 /* JXLRootViewController.m in Sources */ = {isa = PBXBuildFile; fileRef = 737D9D061BD407F3002BAEA0 /* JXLRootViewController.m */; };
		737D9D0F1BD407F3002BAEA0 /* JXLSecondViewController.m in Sources */ = {isa = PBXBuildFile; fileRef = 737D9D081BD407F3002BAEA0 /* JXLSecondViewController.m */; };
		737D9D101BD407F3002BAEA0 /* JXLTableViewCell.m in Sources */ = {isa = PBXBuildFile; fileRef = 737D9D0A1BD407F3002BAEA0 /* JXLTableViewCell.m */; };
/* End PBXBuildFile section */

/* Begin PBXContainerItemProxy section */
		737D9CED1BD407AA002BAEA0 /* PBXContainerItemProxy */ = {
			isa = PBXContainerItemProxy;
			containerPortal = 737D9CCB1BD407AA002BAEA0 /* Project object */;
			proxyType = 1;
			remoteGlobalIDString = 737D9CD21BD407AA002BAEA0;
			remoteInfo = JXLDayAndNightModeDemo;
		};
/* End PBXContainerItemProxy section */

/* Begin PBXFileReference section */
		737D9CD31BD407AA002BAEA0 /* JXLDayAndNightModeDemo.app */ = {isa = PBXFileReference; explicitFileType = wrapper.application; includeInIndex = 0; path = JXLDayAndNightModeDemo.app; sourceTree = BUILT_PRODUCTS_DIR; };
		737D9CD71BD407AA002BAEA0 /* Info.plist */ = {isa = PBXFileReference; lastKnownFileType = text.plist.xml; path = Info.plist; sourceTree = "<group>"; };
		737D9CD81BD407AA002BAEA0 /* main.m */ = {isa = PBXFileReference; lastKnownFileType = sourcecode.c.objc; path = main.m; sourceTree = "<group>"; };
		737D9CE31BD407AA002BAEA0 /* Images.xcassets */ = {isa = PBXFileReference; lastKnownFileType = folder.assetcatalog; path = Images.xcassets; sourceTree = "<group>"; };
		737D9CE61BD407AA002BAEA0 /* Base */ = {isa = PBXFileReference; lastKnownFileType = file.xib; name = Base; path = Base.lproj/LaunchScreen.xib; sourceTree = "<group>"; };
		737D9CEC1BD407AA002BAEA0 /* JXLDayAndNightModeDemoTests.xctest */ = {isa = PBXFileReference; explicitFileType = wrapper.cfbundle; includeInIndex = 0; path = JXLDayAndNightModeDemoTests.xctest; sourceTree = BUILT_PRODUCTS_DIR; };
		737D9CF11BD407AA002BAEA0 /* Info.plist */ = {isa = PBXFileReference; lastKnownFileType = text.plist.xml; path = Info.plist; sourceTree = "<group>"; };
		737D9CF21BD407AA002BAEA0 /* JXLDayAndNightModeDemoTests.m */ = {isa = PBXFileReference; lastKnownFileType = sourcecode.c.objc; path = JXLDayAndNightModeDemoTests.m; sourceTree = "<group>"; };
		737D9CFC1BD407F3002BAEA0 /* AppDelegate.h */ = {isa = PBXFileReference; fileEncoding = 4; lastKnownFileType = sourcecode.c.h; path = AppDelegate.h; sourceTree = "<group>"; };
		737D9CFD1BD407F3002BAEA0 /* AppDelegate.m */ = {isa = PBXFileReference; fileEncoding = 4; lastKnownFileType = sourcecode.c.objc; path = AppDelegate.m; sourceTree = "<group>"; };
		737D9D001BD407F3002BAEA0 /* JXLDayAndNightManager.h */ = {isa = PBXFileReference; fileEncoding = 4; lastKnownFileType = sourcecode.c.h; path = JXLDayAndNightManager.h; sourceTree = "<group>"; };
		737D9D011BD407F3002BAEA0 /* JXLDayAndNightManager.m */ = {isa = PBXFileReference; fileEncoding = 4; lastKnownFileType = sourcecode.c.objc; path = JXLDayAndNightManager.m; sourceTree = "<group>"; };
		737D9D021BD407F3002BAEA0 /* UIView+JXLDAN.h */ = {isa = PBXFileReference; fileEncoding = 4; lastKnownFileType = sourcecode.c.h; path = "UIView+JXLDAN.h"; sourceTree = "<group>"; };
		737D9D031BD407F3002BAEA0 /* UIView+JXLDAN.m */ = {isa = PBXFileReference; fileEncoding = 4; lastKnownFileType = sourcecode.c.objc; path = "UIView+JXLDAN.m"; sourceTree = "<group>"; };
		737D9D041BD407F3002BAEA0 /* JXLDayAndNightMode.h */ = {isa = PBXFileReference; fileEncoding = 4; lastKnownFileType = sourcecode.c.h; path = JXLDayAndNightMode.h; sourceTree = "<group>"; };
		737D9D051BD407F3002BAEA0 /* JXLRootViewController.h */ = {isa = PBXFileReference; fileEncoding = 4; lastKnownFileType = sourcecode.c.h; path = JXLRootViewController.h; sourceTree = "<group>"; };
		737D9D061BD407F3002BAEA0 /* JXLRootViewController.m */ = {isa = PBXFileReference; fileEncoding = 4; lastKnownFileType = sourcecode.c.objc; path = JXLRootViewController.m; sourceTree = "<group>"; };
		737D9D071BD407F3002BAEA0 /* JXLSecondViewController.h */ = {isa = PBXFileReference; fileEncoding = 4; lastKnownFileType = sourcecode.c.h; path = JXLSecondViewController.h; sourceTree = "<group>"; };
		737D9D081BD407F3002BAEA0 /* JXLSecondViewController.m */ = {isa = PBXFileReference; fileEncoding = 4; lastKnownFileType = sourcecode.c.objc; path = JXLSecondViewController.m; sourceTree = "<group>"; };
		737D9D091BD407F3002BAEA0 /* JXLTableViewCell.h */ = {isa = PBXFileReference; fileEncoding = 4; lastKnownFileType = sourcecode.c.h; path = JXLTableViewCell.h; sourceTree = "<group>"; };
		737D9D0A1BD407F3002BAEA0 /* JXLTableViewCell.m */ = {isa = PBXFileReference; fileEncoding = 4; lastKnownFileType = sourcecode.c.objc; path = JXLTableViewCell.m; sourceTree = "<group>"; };
/* End PBXFileReference section */

/* Begin PBXFrameworksBuildPhase section */
		737D9CD01BD407AA002BAEA0 /* Frameworks */ = {
			isa = PBXFrameworksBuildPhase;
			buildActionMask = 2147483647;
			files = (
			);
			runOnlyForDeploymentPostprocessing = 0;
		};
		737D9CE91BD407AA002BAEA0 /* Frameworks */ = {
			isa = PBXFrameworksBuildPhase;
			buildActionMask = 2147483647;
			files = (
			);
			runOnlyForDeploymentPostprocessing = 0;
		};
/* End PBXFrameworksBuildPhase section */

/* Begin PBXGroup section */
		737D9CCA1BD407AA002BAEA0 = {
			isa = PBXGroup;
			children = (
				737D9CD51BD407AA002BAEA0 /* JXLDayAndNightModeDemo */,
				737D9CEF1BD407AA002BAEA0 /* JXLDayAndNightModeDemoTests */,
				737D9CD41BD407AA002BAEA0 /* Products */,
			);
			sourceTree = "<group>";
		};
		737D9CD41BD407AA002BAEA0 /* Products */ = {
			isa = PBXGroup;
			children = (
				737D9CD31BD407AA002BAEA0 /* JXLDayAndNightModeDemo.app */,
				737D9CEC1BD407AA002BAEA0 /* JXLDayAndNightModeDemoTests.xctest */,
			);
			name = Products;
			sourceTree = "<group>";
		};
		737D9CD51BD407AA002BAEA0 /* JXLDayAndNightModeDemo */ = {
			isa = PBXGroup;
			children = (
				737D9CFC1BD407F3002BAEA0 /* AppDelegate.h */,
				737D9CFD1BD407F3002BAEA0 /* AppDelegate.m */,
				737D9CFE1BD407F3002BAEA0 /* JXLDayAndNightMode */,
				737D9D051BD407F3002BAEA0 /* JXLRootViewController.h */,
				737D9D061BD407F3002BAEA0 /* JXLRootViewController.m */,
				737D9D071BD407F3002BAEA0 /* JXLSecondViewController.h */,
				737D9D081BD407F3002BAEA0 /* JXLSecondViewController.m */,
				737D9D091BD407F3002BAEA0 /* JXLTableViewCell.h */,
				737D9D0A1BD407F3002BAEA0 /* JXLTableViewCell.m */,
				737D9CE31BD407AA002BAEA0 /* Images.xcassets */,
				737D9CE51BD407AA002BAEA0 /* LaunchScreen.xib */,
				737D9CD61BD407AA002BAEA0 /* Supporting Files */,
			);
			path = JXLDayAndNightModeDemo;
			sourceTree = "<group>";
		};
		737D9CD61BD407AA002BAEA0 /* Supporting Files */ = {
			isa = PBXGroup;
			children = (
				737D9CD71BD407AA002BAEA0 /* Info.plist */,
				737D9CD81BD407AA002BAEA0 /* main.m */,
			);
			name = "Supporting Files";
			sourceTree = "<group>";
		};
		737D9CEF1BD407AA002BAEA0 /* JXLDayAndNightModeDemoTests */ = {
			isa = PBXGroup;
			children = (
				737D9CF21BD407AA002BAEA0 /* JXLDayAndNightModeDemoTests.m */,
				737D9CF01BD407AA002BAEA0 /* Supporting Files */,
			);
			path = JXLDayAndNightModeDemoTests;
			sourceTree = "<group>";
		};
		737D9CF01BD407AA002BAEA0 /* Supporting Files */ = {
			isa = PBXGroup;
			children = (
				737D9CF11BD407AA002BAEA0 /* Info.plist */,
			);
			name = "Supporting Files";
			sourceTree = "<group>";
		};
		737D9CFE1BD407F3002BAEA0 /* JXLDayAndNightMode */ = {
			isa = PBXGroup;
			children = (
				737D9CFF1BD407F3002BAEA0 /* JXLDAN */,
				737D9D041BD407F3002BAEA0 /* JXLDayAndNightMode.h */,
			);
			path = JXLDayAndNightMode;
			sourceTree = "<group>";
		};
		737D9CFF1BD407F3002BAEA0 /* JXLDAN */ = {
			isa = PBXGroup;
			children = (
				737D9D001BD407F3002BAEA0 /* JXLDayAndNightManager.h */,
				737D9D011BD407F3002BAEA0 /* JXLDayAndNightManager.m */,
				737D9D021BD407F3002BAEA0 /* UIView+JXLDAN.h */,
				737D9D031BD407F3002BAEA0 /* UIView+JXLDAN.m */,
			);
			path = JXLDAN;
			sourceTree = "<group>";
		};
/* End PBXGroup section */

/* Begin PBXNativeTarget section */
		737D9CD21BD407AA002BAEA0 /* JXLDayAndNightModeDemo */ = {
			isa = PBXNativeTarget;
			buildConfigurationList = 737D9CF61BD407AA002BAEA0 /* Build configuration list for PBXNativeTarget "JXLDayAndNightModeDemo" */;
			buildPhases = (
				737D9CCF1BD407AA002BAEA0 /* Sources */,
				737D9CD01BD407AA002BAEA0 /* Frameworks */,
				737D9CD11BD407AA002BAEA0 /* Resources */,
			);
			buildRules = (
			);
			dependencies = (
			);
			name = JXLDayAndNightModeDemo;
			productName = JXLDayAndNightModeDemo;
			productReference = 737D9CD31BD407AA002BAEA0 /* JXLDayAndNightModeDemo.app */;
			productType = "com.apple.product-type.application";
		};
		737D9CEB1BD407AA002BAEA0 /* JXLDayAndNightModeDemoTests */ = {
			isa = PBXNativeTarget;
			buildConfigurationList = 737D9CF91BD407AA002BAEA0 /* Build configuration list for PBXNativeTarget "JXLDayAndNightModeDemoTests" */;
			buildPhases = (
				737D9CE81BD407AA002BAEA0 /* Sources */,
				737D9CE91BD407AA002BAEA0 /* Frameworks */,
				737D9CEA1BD407AA002BAEA0 /* Resources */,
			);
			buildRules = (
			);
			dependencies = (
				737D9CEE1BD407AA002BAEA0 /* PBXTargetDependency */,
			);
			name = JXLDayAndNightModeDemoTests;
			productName = JXLDayAndNightModeDemoTests;
			productReference = 737D9CEC1BD407AA002BAEA0 /* JXLDayAndNightModeDemoTests.xctest */;
			productType = "com.apple.product-type.bundle.unit-test";
		};
/* End PBXNativeTarget section */

/* Begin PBXProject section */
		737D9CCB1BD407AA002BAEA0 /* Project object */ = {
			isa = PBXProject;
			attributes = {
				LastUpgradeCheck = 0640;
				ORGANIZATIONNAME = jinxinliang;
				TargetAttributes = {
					737D9CD21BD407AA002BAEA0 = {
						CreatedOnToolsVersion = 6.4;
					};
					737D9CEB1BD407AA002BAEA0 = {
						CreatedOnToolsVersion = 6.4;
						TestTargetID = 737D9CD21BD407AA002BAEA0;
					};
				};
			};
			buildConfigurationList = 737D9CCE1BD407AA002BAEA0 /* Build configuration list for PBXProject "JXLDayAndNightModeDemo" */;
			compatibilityVersion = "Xcode 3.2";
			developmentRegion = English;
			hasScannedForEncodings = 0;
			knownRegions = (
				en,
				Base,
			);
			mainGroup = 737D9CCA1BD407AA002BAEA0;
			productRefGroup = 737D9CD41BD407AA002BAEA0 /* Products */;
			projectDirPath = "";
			projectRoot = "";
			targets = (
				737D9CD21BD407AA002BAEA0 /* JXLDayAndNightModeDemo */,
				737D9CEB1BD407AA002BAEA0 /* JXLDayAndNightModeDemoTests */,
			);
		};
/* End PBXProject section */

/* Begin PBXResourcesBuildPhase section */
		737D9CD11BD407AA002BAEA0 /* Resources */ = {
			isa = PBXResourcesBuildPhase;
			buildActionMask = 2147483647;
			files = (
				737D9CE71BD407AA002BAEA0 /* LaunchScreen.xib in Resources */,
				737D9CE41BD407AA002BAEA0 /* Images.xcassets in Resources */,
			);
			runOnlyForDeploymentPostprocessing = 0;
		};
		737D9CEA1BD407AA002BAEA0 /* Resources */ = {
			isa = PBXResourcesBuildPhase;
			buildActionMask = 2147483647;
			files = (
			);
			runOnlyForDeploymentPostprocessing = 0;
		};
/* End PBXResourcesBuildPhase section */

/* Begin PBXSourcesBuildPhase section */
		737D9CCF1BD407AA002BAEA0 /* Sources */ = {
			isa = PBXSourcesBuildPhase;
			buildActionMask = 2147483647;
			files = (
				737D9D0B1BD407F3002BAEA0 /* AppDelegate.m in Sources */,
				737D9CD91BD407AA002BAEA0 /* main.m in Sources */,
				737D9D101BD407F3002BAEA0 /* JXLTableViewCell.m in Sources */,
				737D9D0E1BD407F3002BAEA0 /* JXLRootViewController.m in Sources */,
				737D9D0F1BD407F3002BAEA0 /* JXLSecondViewController.m in Sources */,
				737D9D0C1BD407F3002BAEA0 /* JXLDayAndNightManager.m in Sources */,
				737D9D0D1BD407F3002BAEA0 /* UIView+JXLDAN.m in Sources */,
			);
			runOnlyForDeploymentPostprocessing = 0;
		};
		737D9CE81BD407AA002BAEA0 /* Sources */ = {
			isa = PBXSourcesBuildPhase;
			buildActionMask = 2147483647;
			files = (
				737D9CF31BD407AA002BAEA0 /* JXLDayAndNightModeDemoTests.m in Sources */,
			);
			runOnlyForDeploymentPostprocessing = 0;
		};
/* End PBXSourcesBuildPhase section */

/* Begin PBXTargetDependency section */
		737D9CEE1BD407AA002BAEA0 /* PBXTargetDependency */ = {
			isa = PBXTargetDependency;
			target = 737D9CD21BD407AA002BAEA0 /* JXLDayAndNightModeDemo */;
			targetProxy = 737D9CED1BD407AA002BAEA0 /* PBXContainerItemProxy */;
		};
/* End PBXTargetDependency section */

/* Begin PBXVariantGroup section */
		737D9CE51BD407AA002BAEA0 /* LaunchScreen.xib */ = {
			isa = PBXVariantGroup;
			children = (
				737D9CE61BD407AA002BAEA0 /* Base */,
			);
			name = LaunchScreen.xib;
			sourceTree = "<group>";
		};
/* End PBXVariantGroup section */

/* Begin XCBuildConfiguration section */
		737D9CF41BD407AA002BAEA0 /* Debug */ = {
			isa = XCBuildConfiguration;
			buildSettings = {
				ALWAYS_SEARCH_USER_PATHS = NO;
				CLANG_CXX_LANGUAGE_STANDARD = "gnu++0x";
				CLANG_CXX_LIBRARY = "libc++";
				CLANG_ENABLE_MODULES = YES;
				CLANG_ENABLE_OBJC_ARC = YES;
				CLANG_WARN_BOOL_CONVERSION = YES;
				CLANG_WARN_CONSTANT_CONVERSION = YES;
				CLANG_WARN_DIRECT_OBJC_ISA_USAGE = YES_ERROR;
				CLANG_WARN_EMPTY_BODY = YES;
				CLANG_WARN_ENUM_CONVERSION = YES;
				CLANG_WARN_INT_CONVERSION = YES;
				CLANG_WARN_OBJC_ROOT_CLASS = YES_ERROR;
				CLANG_WARN_UNREACHABLE_CODE = YES;
				CLANG_WARN__DUPLICATE_METHOD_MATCH = YES;
				"CODE_SIGN_IDENTITY[sdk=iphoneos*]" = "iPhone Developer";
				COPY_PHASE_STRIP = NO;
				DEBUG_INFORMATION_FORMAT = "dwarf-with-dsym";
				ENABLE_STRICT_OBJC_MSGSEND = YES;
				GCC_C_LANGUAGE_STANDARD = gnu99;
				GCC_DYNAMIC_NO_PIC = NO;
				GCC_NO_COMMON_BLOCKS = YES;
				GCC_OPTIMIZATION_LEVEL = 0;
				GCC_PREPROCESSOR_DEFINITIONS = (
					"DEBUG=1",
					"$(inherited)",
				);
				GCC_SYMBOLS_PRIVATE_EXTERN = NO;
				GCC_WARN_64_TO_32_BIT_CONVERSION = YES;
				GCC_WARN_ABOUT_RETURN_TYPE = YES_ERROR;
				GCC_WARN_UNDECLARED_SELECTOR = YES;
				GCC_WARN_UNINITIALIZED_AUTOS = YES_AGGRESSIVE;
				GCC_WARN_UNUSED_FUNCTION = YES;
				GCC_WARN_UNUSED_VARIABLE = YES;
				IPHONEOS_DEPLOYMENT_TARGET = 8.4;
				MTL_ENABLE_DEBUG_INFO = YES;
				ONLY_ACTIVE_ARCH = YES;
				SDKROOT = iphoneos;
			};
			name = Debug;
		};
		737D9CF51BD407AA002BAEA0 /* Release */ = {
			isa = XCBuildConfiguration;
			buildSettings = {
				ALWAYS_SEARCH_USER_PATHS = NO;
				CLANG_CXX_LANGUAGE_STANDARD = "gnu++0x";
				CLANG_CXX_LIBRARY = "libc++";
				CLANG_ENABLE_MODULES = YES;
				CLANG_ENABLE_OBJC_ARC = YES;
				CLANG_WARN_BOOL_CONVERSION = YES;
				CLANG_WARN_CONSTANT_CONVERSION = YES;
				CLANG_WARN_DIRECT_OBJC_ISA_USAGE = YES_ERROR;
				CLANG_WARN_EMPTY_BODY = YES;
				CLANG_WARN_ENUM_CONVERSION = YES;
				CLANG_WARN_INT_CONVERSION = YES;
				CLANG_WARN_OBJC_ROOT_CLASS = YES_ERROR;
				CLANG_WARN_UNREACHABLE_CODE = YES;
				CLANG_WARN__DUPLICATE_METHOD_MATCH = YES;
				"CODE_SIGN_IDENTITY[sdk=iphoneos*]" = "iPhone Developer";
				COPY_PHASE_STRIP = NO;
				DEBUG_INFORMATION_FORMAT = "dwarf-with-dsym";
				ENABLE_NS_ASSERTIONS = NO;
				ENABLE_STRICT_OBJC_MSGSEND = YES;
				GCC_C_LANGUAGE_STANDARD = gnu99;
				GCC_NO_COMMON_BLOCKS = YES;
				GCC_WARN_64_TO_32_BIT_CONVERSION = YES;
				GCC_WARN_ABOUT_RETURN_TYPE = YES_ERROR;
				GCC_WARN_UNDECLARED_SELECTOR = YES;
				GCC_WARN_UNINITIALIZED_AUTOS = YES_AGGRESSIVE;
				GCC_WARN_UNUSED_FUNCTION = YES;
				GCC_WARN_UNUSED_VARIABLE = YES;
				IPHONEOS_DEPLOYMENT_TARGET = 8.4;
				MTL_ENABLE_DEBUG_INFO = NO;
				SDKROOT = iphoneos;
				VALIDATE_PRODUCT = YES;
			};
			name = Release;
		};
		737D9CF71BD407AA002BAEA0 /* Debug */ = {
			isa = XCBuildConfiguration;
			buildSettings = {
				ASSETCATALOG_COMPILER_APPICON_NAME = AppIcon;
				INFOPLIST_FILE = JXLDayAndNightModeDemo/Info.plist;
				IPHONEOS_DEPLOYMENT_TARGET = 6.0;
				LD_RUNPATH_SEARCH_PATHS = "$(inherited) @executable_path/Frameworks";
				PRODUCT_NAME = "$(TARGET_NAME)";
			};
			name = Debug;
		};
		737D9CF81BD407AA002BAEA0 /* Release */ = {
			isa = XCBuildConfiguration;
			buildSettings = {
				ASSETCATALOG_COMPILER_APPICON_NAME = AppIcon;
				INFOPLIST_FILE = JXLDayAndNightModeDemo/Info.plist;
				IPHONEOS_DEPLOYMENT_TARGET = 6.0;
				LD_RUNPATH_SEARCH_PATHS = "$(inherited) @executable_path/Frameworks";
				PRODUCT_NAME = "$(TARGET_NAME)";
			};
			name = Release;
		};
		737D9CFA1BD407AA002BAEA0 /* Debug */ = {
			isa = XCBuildConfiguration;
			buildSettings = {
				BUNDLE_LOADER = "$(TEST_HOST)";
				FRAMEWORK_SEARCH_PATHS = (
					"$(SDKROOT)/Developer/Library/Frameworks",
					"$(inherited)",
				);
				GCC_PREPROCESSOR_DEFINITIONS = (
					"DEBUG=1",
					"$(inherited)",
				);
				INFOPLIST_FILE = JXLDayAndNightModeDemoTests/Info.plist;
				LD_RUNPATH_SEARCH_PATHS = "$(inherited) @executable_path/Frameworks @loader_path/Frameworks";
				PRODUCT_NAME = "$(TARGET_NAME)";
				TEST_HOST = "$(BUILT_PRODUCTS_DIR)/JXLDayAndNightModeDemo.app/JXLDayAndNightModeDemo";
			};
			name = Debug;
		};
		737D9CFB1BD407AA002BAEA0 /* Release */ = {
			isa = XCBuildConfiguration;
			buildSettings = {
				BUNDLE_LOADER = "$(TEST_HOST)";
				FRAMEWORK_SEARCH_PATHS = (
					"$(SDKROOT)/Developer/Library/Frameworks",
					"$(inherited)",
				);
				INFOPLIST_FILE = JXLDayAndNightModeDemoTests/Info.plist;
				LD_RUNPATH_SEARCH_PATHS = "$(inherited) @executable_path/Frameworks @loader_path/Frameworks";
				PRODUCT_NAME = "$(TARGET_NAME)";
				TEST_HOST = "$(BUILT_PRODUCTS_DIR)/JXLDayAndNightModeDemo.app/JXLDayAndNightModeDemo";
			};
			name = Release;
		};
/* End XCBuildConfiguration section */

/* Begin XCConfigurationList section */
		737D9CCE1BD407AA002BAEA0 /* Build configuration list for PBXProject "JXLDayAndNightModeDemo" */ = {
			isa = XCConfigurationList;
			buildConfigurations = (
				737D9CF41BD407AA002BAEA0 /* Debug */,
				737D9CF51BD407AA002BAEA0 /* Release */,
			);
			defaultConfigurationIsVisible = 0;
			defaultConfigurationName = Release;
		};
		737D9CF61BD407AA002BAEA0 /* Build configuration list for PBXNativeTarget "JXLDayAndNightModeDemo" */ = {
			isa = XCConfigurationList;
			buildConfigurations = (
				737D9CF71BD407AA002BAEA0 /* Debug */,
				737D9CF81BD407AA002BAEA0 /* Release */,
			);
			defaultConfigurationIsVisible = 0;
		};
		737D9CF91BD407AA002BAEA0 /* Build configuration list for PBXNativeTarget "JXLDayAndNightModeDemoTests" */ = {
			isa = XCConfigurationList;
			buildConfigurations = (
				737D9CFA1BD407AA002BAEA0 /* Debug */,
				737D9CFB1BD407AA002BAEA0 /* Release */,
			);
			defaultConfigurationIsVisible = 0;
		};
/* End XCConfigurationList section */
	};
	rootObject = 737D9CCB1BD407AA002BAEA0 /* Project object */;
}
